// !$*UTF8*$!
{
	archiveVersion = 1;
	classes = {
	};
	objectVersion = 77;
	objects = {

/* Begin PBXBuildFile section */
		38587801E02A30EB326F77B6 /* SunnyWalkerTests.swift in Sources */ = {isa = PBXBuildFile; fileRef = C3D1F26EFBA32A646095235A /* SunnyWalkerTests.swift */; };
		59BE7E26DBBFA422BBE2D304 /* Assets.xcassets in Resources */ = {isa = PBXBuildFile; fileRef = 8A39961C2B11BD747210DF5F /* Assets.xcassets */; };
		6038E36000101404AEC7372B /* GhibliColors.swift in Sources */ = {isa = PBXBuildFile; fileRef = 770EA07DE7688AAA38F4D4E0 /* GhibliColors.swift */; };
		6E6BB8973553E8955C2406C9 /* AlarmScheduler.swift in Sources */ = {isa = PBXBuildFile; fileRef = 888960B949E00E9AC9FAA4DD /* AlarmScheduler.swift */; };
		CCEBE8A6E7144DCEB7A1C259 /* AlarmKitService.swift in Sources */ = {isa = PBXBuildFile; fileRef = 7C47F7355F664DE4B80EC443 /* AlarmKitService.swift */; };
		42F4DABBD2B0408EB6315653 /* StopAlarmIntent.swift in Sources */ = {isa = PBXBuildFile; fileRef = 934C934671804C5B926D7DBE /* StopAlarmIntent.swift */; };
		E9D2B038759A4164AB1EFFC2 /* BedSideManager.swift in Sources */ = {isa = PBXBuildFile; fileRef = 35BDB6DCCE6E44A296040C24 /* BedSideManager.swift */; };
		7338FA1271440248492463D6 /* ContentView.swift in Sources */ = {isa = PBXBuildFile; fileRef = B0AF6F8D65E69FBCF0C1E5CE /* ContentView.swift */; };
		8672D8B3917813013073515A /* AlarmListView.swift in Sources */ = {isa = PBXBuildFile; fileRef = 14909DF5F592C0045CF04728 /* AlarmListView.swift */; };
		A2F163FC44719CCE23C942D7 /* Alarm.swift in Sources */ = {isa = PBXBuildFile; fileRef = 60114EB5C3B3CEE759BABCDF /* Alarm.swift */; };
		B2C05224080444FFB81F6DB6 /* WakeRecord.swift in Sources */ = {isa = PBXBuildFile; fileRef = 50A33375D159471D87BDC522 /* WakeRecord.swift */; };
		145CCD43707947468712511C /* WakeHistoryView.swift in Sources */ = {isa = PBXBuildFile; fileRef = EC433FCE83EB4CAFB7A5FC5C /* WakeHistoryView.swift */; };
		E08BE7AC23F36A479736F09D /* SunnyWalkerApp.swift in Sources */ = {isa = PBXBuildFile; fileRef = 9C4E43C0AE0F566D3ACB622D /* SunnyWalkerApp.swift */; };
		E409258EA2C6052DDE696951 /* HomeView.swift in Sources */ = {isa = PBXBuildFile; fileRef = 1EB6388EF249B7365D9B3B48 /* HomeView.swift */; };
		EEB48CC687CFDC2476613F74 /* PermissionManager.swift in Sources */ = {isa = PBXBuildFile; fileRef = 8FB50906ADD3045D02D04AC2 /* PermissionManager.swift */; };
		517FFF4CB31F472BA4BCCEC4 /* GhibliFonts.swift in Sources */ = {isa = PBXBuildFile; fileRef = A1B8D8E8520C4AA099AB555C /* GhibliFonts.swift */; };
		58F211BACAAD454887C03533 /* Animations.swift in Sources */ = {isa = PBXBuildFile; fileRef = 0721562310FD4FD889EE77C0 /* Animations.swift */; };
		DE19B91E7EBC4F488AC8FF27 /* VoiceClip.swift in Sources */ = {isa = PBXBuildFile; fileRef = FD9EEB09F94A4A96A8574309 /* VoiceClip.swift */; };
		B9294C37B2B74E39A72BAD0F /* WakePhrase.swift in Sources */ = {isa = PBXBuildFile; fileRef = 22A2AA7D2B5E43A9AF2C06E6 /* WakePhrase.swift */; };
		37414878589A4940A186D2D1 /* CloudBackground.swift in Sources */ = {isa = PBXBuildFile; fileRef = 88EBD3D4BCB747A3ACCC9595 /* CloudBackground.swift */; };
		75285E92488D4FC7BBF116E0 /* GhibliButton.swift in Sources */ = {isa = PBXBuildFile; fileRef = 395FEB57BFB047F0B4263EBA /* GhibliButton.swift */; };
		D2230931C30F4BBC8CAC72F7 /* WatercolorCard.swift in Sources */ = {isa = PBXBuildFile; fileRef = 0BFC27C615FE4BB2BE541B12 /* WatercolorCard.swift */; };
		D48A6E959C404F659A9B7C41 /* TotoroAvatar.swift in Sources */ = {isa = PBXBuildFile; fileRef = C815F3C94E334FCC8C44B587 /* TotoroAvatar.swift */; };
		A1D2E3F4A5B6C7D8E9F0A1B2 /* DaytimeScene.swift in Sources */ = {isa = PBXBuildFile; fileRef = 2B3C4D5E6F7A8B9C0D1E2F3A /* DaytimeScene.swift */; };
		F1A2B3C4D5E6F7A8B9C0D1E2 /* AlarmRingView.swift in Sources */ = {isa = PBXBuildFile; fileRef = A9B8C7D6E5F4A3B2C1D0E9F8 /* AlarmRingView.swift */; };
		C3D4E5F6A7B8C9D0E1F2A3B4 /* AlarmEditorView.swift in Sources */ = {isa = PBXBuildFile; fileRef = B4C5D6E7F8A9B0C1D2E3F4A5 /* AlarmEditorView.swift */; };
		AA01BB02CC03DD04EE05FF06 /* AudioPlayer.swift in Sources */ = {isa = PBXBuildFile; fileRef = 11AA22BB33CC44DD55EE66FF /* AudioPlayer.swift */; };
		55FF44EE33DD22CC11BB00AA /* SpeechRecognizer.swift in Sources */ = {isa = PBXBuildFile; fileRef = FF00EE11DD22CC33BB44AA55 /* SpeechRecognizer.swift */; };
		6655FFEE4433DDCC2211BBAA /* RewardView.swift in Sources */ = {isa = PBXBuildFile; fileRef = AABB1122CCDD3344EEFF5566 /* RewardView.swift */; };
		AA99BB88CC77DD66EE55FF44 /* AudioRecorder.swift in Sources */ = {isa = PBXBuildFile; fileRef = 99AA88BB77CC66DD55EE44FF /* AudioRecorder.swift */; };
		BB00CC11DD22EE33FF44AA55 /* RecordingView.swift in Sources */ = {isa = PBXBuildFile; fileRef = 00BB11CC22DD33EE44FF55AA /* RecordingView.swift */; };
		DD22EE33FF44AA55BB66CC11 /* ParentalGateView.swift in Sources */ = {isa = PBXBuildFile; fileRef = CC11DD22EE33FF44AA55BB66 /* ParentalGateView.swift */; };
		FF44AA55BB66CC11DD22EE33 /* MarkdownAlarmIO.swift in Sources */ = {isa = PBXBuildFile; fileRef = EE33FF44AA55BB66CC11DD22 /* MarkdownAlarmIO.swift */; };
		11BBCC22DD33EE44FF5500AA /* AlarmIOView.swift in Sources */ = {isa = PBXBuildFile; fileRef = 00AABB11CC22DD33EE44FF55 /* AlarmIOView.swift */; };
		44EEFF5500AABB11CC22DD33 /* totoro_breath.caf in Resources */ = {isa = PBXBuildFile; fileRef = 33DDEE44FF5500AABB11CC22 /* totoro_breath.caf */; };
		660011AABB22CC33DD44EE55 /* leaf_rustle.caf in Resources */ = {isa = PBXBuildFile; fileRef = 55FF0011AABB22CC33DD44EE /* leaf_rustle.caf */; };
		FF1122AABB3344CC55DD6677 /* ConfettiSwiftUI in Frameworks */ = {
			isa = PBXBuildFile;
			productRef = EE99FF0011AA22BB33CC44DD /* ConfettiSwiftUI */;
		};
/* End PBXBuildFile section */

/* Begin PBXFrameworksBuildPhase section */
		CC3344DDEE5566FF7788AA99 /* Frameworks */ = {
			isa = PBXFrameworksBuildPhase;
			buildActionMask = 2147483647;
			files = (
				FF1122AABB3344CC55DD6677 /* ConfettiSwiftUI in Frameworks */,
			);
			runOnlyForDeploymentPostprocessing = 0;
		};
/* End PBXFrameworksBuildPhase section */

/* Begin PBXContainerItemProxy section */
		67D4C7C450593D2F0A999EAC /* PBXContainerItemProxy */ = {
			isa = PBXContainerItemProxy;
			containerPortal = 9CDE5F91F9849D6056C19DD5 /* Project object */;
			proxyType = 1;
			remoteGlobalIDString = B16869256E59B2A3381C61E8;
			remoteInfo = SunnyWalker;
		};
/* End PBXContainerItemProxy section */

/* Begin PBXFileReference section */
		0972897111DE3E819D823136 /* SunnyWalker.app */ = {isa = PBXFileReference; includeInIndex = 0; lastKnownFileType = wrapper.application; path = SunnyWalker.app; sourceTree = BUILT_PRODUCTS_DIR; };
		14909DF5F592C0045CF04728 /* AlarmListView.swift */ = {isa = PBXFileReference; lastKnownFileType = sourcecode.swift; path = AlarmListView.swift; sourceTree = "<group>"; };
		1EB6388EF249B7365D9B3B48 /* HomeView.swift */ = {isa = PBXFileReference; lastKnownFileType = sourcecode.swift; path = HomeView.swift; sourceTree = "<group>"; };
		60114EB5C3B3CEE759BABCDF /* Alarm.swift */ = {isa = PBXFileReference; lastKnownFileType = sourcecode.swift; path = Alarm.swift; sourceTree = "<group>"; };
		50A33375D159471D87BDC522 /* WakeRecord.swift */ = {isa = PBXFileReference; lastKnownFileType = sourcecode.swift; path = WakeRecord.swift; sourceTree = "<group>"; };
		770EA07DE7688AAA38F4D4E0 /* GhibliColors.swift */ = {isa = PBXFileReference; lastKnownFileType = sourcecode.swift; path = GhibliColors.swift; sourceTree = "<group>"; };
		7BD2360682B2434A47F2021F /* Info.plist */ = {isa = PBXFileReference; lastKnownFileType = text.plist; path = Info.plist; sourceTree = "<group>"; };
		888960B949E00E9AC9FAA4DD /* AlarmScheduler.swift */ = {isa = PBXFileReference; lastKnownFileType = sourcecode.swift; path = AlarmScheduler.swift; sourceTree = "<group>"; };
		8A39961C2B11BD747210DF5F /* Assets.xcassets */ = {isa = PBXFileReference; lastKnownFileType = folder.assetcatalog; path = Assets.xcassets; sourceTree = "<group>"; };
		8FB50906ADD3045D02D04AC2 /* PermissionManager.swift */ = {isa = PBXFileReference; lastKnownFileType = sourcecode.swift; path = PermissionManager.swift; sourceTree = "<group>"; };
		9C4E43C0AE0F566D3ACB622D /* SunnyWalkerApp.swift */ = {isa = PBXFileReference; lastKnownFileType = sourcecode.swift; path = SunnyWalkerApp.swift; sourceTree = "<group>"; };
		A62870FEE6EBDBF0393F2E7D /* SunnyWalkerTests.xctest */ = {isa = PBXFileReference; includeInIndex = 0; lastKnownFileType = wrapper.cfbundle; path = SunnyWalkerTests.xctest; sourceTree = BUILT_PRODUCTS_DIR; };
		B0AF6F8D65E69FBCF0C1E5CE /* ContentView.swift */ = {isa = PBXFileReference; lastKnownFileType = sourcecode.swift; path = ContentView.swift; sourceTree = "<group>"; };
		C3D1F26EFBA32A646095235A /* SunnyWalkerTests.swift */ = {isa = PBXFileReference; lastKnownFileType = sourcecode.swift; path = SunnyWalkerTests.swift; sourceTree = "<group>"; };
		A1B8D8E8520C4AA099AB555C /* GhibliFonts.swift */ = {isa = PBXFileReference; lastKnownFileType = sourcecode.swift; path = GhibliFonts.swift; sourceTree = "<group>"; };
		0721562310FD4FD889EE77C0 /* Animations.swift */ = {isa = PBXFileReference; lastKnownFileType = sourcecode.swift; path = Animations.swift; sourceTree = "<group>"; };
		FD9EEB09F94A4A96A8574309 /* VoiceClip.swift */ = {isa = PBXFileReference; lastKnownFileType = sourcecode.swift; path = VoiceClip.swift; sourceTree = "<group>"; };
		22A2AA7D2B5E43A9AF2C06E6 /* WakePhrase.swift */ = {isa = PBXFileReference; lastKnownFileType = sourcecode.swift; path = WakePhrase.swift; sourceTree = "<group>"; };
		88EBD3D4BCB747A3ACCC9595 /* CloudBackground.swift */ = {isa = PBXFileReference; lastKnownFileType = sourcecode.swift; path = CloudBackground.swift; sourceTree = "<group>"; };
		395FEB57BFB047F0B4263EBA /* GhibliButton.swift */ = {isa = PBXFileReference; lastKnownFileType = sourcecode.swift; path = GhibliButton.swift; sourceTree = "<group>"; };
		0BFC27C615FE4BB2BE541B12 /* WatercolorCard.swift */ = {isa = PBXFileReference; lastKnownFileType = sourcecode.swift; path = WatercolorCard.swift; sourceTree = "<group>"; };
		C815F3C94E334FCC8C44B587 /* TotoroAvatar.swift */ = {isa = PBXFileReference; lastKnownFileType = sourcecode.swift; path = TotoroAvatar.swift; sourceTree = "<group>"; };
		2B3C4D5E6F7A8B9C0D1E2F3A /* DaytimeScene.swift */ = {isa = PBXFileReference; lastKnownFileType = sourcecode.swift; path = DaytimeScene.swift; sourceTree = "<group>"; };
		A9B8C7D6E5F4A3B2C1D0E9F8 /* AlarmRingView.swift */ = {isa = PBXFileReference; lastKnownFileType = sourcecode.swift; path = AlarmRingView.swift; sourceTree = "<group>"; };
		B4C5D6E7F8A9B0C1D2E3F4A5 /* AlarmEditorView.swift */ = {isa = PBXFileReference; lastKnownFileType = sourcecode.swift; path = AlarmEditorView.swift; sourceTree = "<group>"; };
		11AA22BB33CC44DD55EE66FF /* AudioPlayer.swift */ = {isa = PBXFileReference; lastKnownFileType = sourcecode.swift; path = AudioPlayer.swift; sourceTree = "<group>"; };
		FF00EE11DD22CC33BB44AA55 /* SpeechRecognizer.swift */ = {isa = PBXFileReference; lastKnownFileType = sourcecode.swift; path = SpeechRecognizer.swift; sourceTree = "<group>"; };
		AABB1122CCDD3344EEFF5566 /* RewardView.swift */ = {isa = PBXFileReference; lastKnownFileType = sourcecode.swift; path = RewardView.swift; sourceTree = "<group>"; };
		99AA88BB77CC66DD55EE44FF /* AudioRecorder.swift */ = {isa = PBXFileReference; lastKnownFileType = sourcecode.swift; path = AudioRecorder.swift; sourceTree = "<group>"; };
		00BB11CC22DD33EE44FF55AA /* RecordingView.swift */ = {isa = PBXFileReference; lastKnownFileType = sourcecode.swift; path = RecordingView.swift; sourceTree = "<group>"; };
		CC11DD22EE33FF44AA55BB66 /* ParentalGateView.swift */ = {isa = PBXFileReference; lastKnownFileType = sourcecode.swift; path = ParentalGateView.swift; sourceTree = "<group>"; };
		EE33FF44AA55BB66CC11DD22 /* MarkdownAlarmIO.swift */ = {isa = PBXFileReference; lastKnownFileType = sourcecode.swift; path = MarkdownAlarmIO.swift; sourceTree = "<group>"; };
		7C47F7355F664DE4B80EC443 /* AlarmKitService.swift */ = {isa = PBXFileReference; lastKnownFileType = sourcecode.swift; path = AlarmKitService.swift; sourceTree = "<group>"; };
		35BDB6DCCE6E44A296040C24 /* BedSideManager.swift */ = {isa = PBXFileReference; lastKnownFileType = sourcecode.swift; path = BedSideManager.swift; sourceTree = "<group>"; };
		934C934671804C5B926D7DBE /* StopAlarmIntent.swift */ = {isa = PBXFileReference; lastKnownFileType = sourcecode.swift; path = StopAlarmIntent.swift; sourceTree = "<group>"; };
		33690FC34EDC4DB2AB3AC7D9 /* SunnyWalker.entitlements */ = {isa = PBXFileReference; lastKnownFileType = text.plist.entitlements; path = SunnyWalker.entitlements; sourceTree = "<group>"; };
		00AABB11CC22DD33EE44FF55 /* AlarmIOView.swift */ = {isa = PBXFileReference; lastKnownFileType = sourcecode.swift; path = AlarmIOView.swift; sourceTree = "<group>"; };
		EC433FCE83EB4CAFB7A5FC5C /* WakeHistoryView.swift */ = {isa = PBXFileReference; lastKnownFileType = sourcecode.swift; path = WakeHistoryView.swift; sourceTree = "<group>"; };
		33DDEE44FF5500AABB11CC22 /* totoro_breath.caf */ = {isa = PBXFileReference; lastKnownFileType = audio.caf; path = totoro_breath.caf; sourceTree = "<group>"; };
		55FF0011AABB22CC33DD44EE /* leaf_rustle.caf */ = {isa = PBXFileReference; lastKnownFileType = audio.caf; path = leaf_rustle.caf; sourceTree = "<group>"; };
/* End PBXFileReference section */

/* Begin PBXGroup section */
		095C19C14024F6CD35129004 = {
			isa = PBXGroup;
			children = (
				64D650D499538406B85A625F /* SunnyWalker */,
				5426B93631556471059DA32A /* SunnyWalkerTests */,
				C638D6224AA4077166EFFC67 /* Products */,
			);
			sourceTree = "<group>";
		};
		2819B31AAA627270102010BD /* Theme */ = {
			isa = PBXGroup;
			children = (
				770EA07DE7688AAA38F4D4E0 /* GhibliColors.swift */,
				A1B8D8E8520C4AA099AB555C /* GhibliFonts.swift */,
				0721562310FD4FD889EE77C0 /* Animations.swift */,
				22CCDD33EE44FF5500AABB11 /* Sounds */,
			);
			path = Theme;
			sourceTree = "<group>";
		};
		22CCDD33EE44FF5500AABB11 /* Sounds */ = {
			isa = PBXGroup;
			children = (
				33DDEE44FF5500AABB11CC22 /* totoro_breath.caf */,
				55FF0011AABB22CC33DD44EE /* leaf_rustle.caf */,
			);
			path = Sounds;
			sourceTree = "<group>";
		};
		5426B93631556471059DA32A /* SunnyWalkerTests */ = {
			isa = PBXGroup;
			children = (
				C3D1F26EFBA32A646095235A /* SunnyWalkerTests.swift */,
			);
			path = SunnyWalkerTests;
			sourceTree = "<group>";
		};
		6218564575F4EA0F85D3DEC8 /* Alarm */ = {
			isa = PBXGroup;
			children = (
				14909DF5F592C0045CF04728 /* AlarmListView.swift */,
				A9B8C7D6E5F4A3B2C1D0E9F8 /* AlarmRingView.swift */,
				AABB1122CCDD3344EEFF5566 /* RewardView.swift */,
			);
			path = Alarm;
			sourceTree = "<group>";
		};
		D5E6F7A8B9C0D1E2F3A4B5C6 /* Settings */ = {
			isa = PBXGroup;
			children = (
				B4C5D6E7F8A9B0C1D2E3F4A5 /* AlarmEditorView.swift */,
				00BB11CC22DD33EE44FF55AA /* RecordingView.swift */,
				CC11DD22EE33FF44AA55BB66 /* ParentalGateView.swift */,
				00AABB11CC22DD33EE44FF55 /* AlarmIOView.swift */,
				EC433FCE83EB4CAFB7A5FC5C /* WakeHistoryView.swift */,
			);
			path = Settings;
			sourceTree = "<group>";
		};
		64D650D499538406B85A625F /* SunnyWalker */ = {
			isa = PBXGroup;
			children = (
				734DAF79700E2E80CC76C73B /* Models */,
				EFBEA798C78CDDC40F5F236A /* Services */,
				5C528A8CF12C45C5A39894EA /* Intents */,
				2819B31AAA627270102010BD /* Theme */,
				6E2FDA7104A9144C4D64DBF5 /* Views */,
				8A39961C2B11BD747210DF5F /* Assets.xcassets */,
				B0AF6F8D65E69FBCF0C1E5CE /* ContentView.swift */,
				7BD2360682B2434A47F2021F /* Info.plist */,
				9C4E43C0AE0F566D3ACB622D /* SunnyWalkerApp.swift */,
				33690FC34EDC4DB2AB3AC7D9 /* SunnyWalker.entitlements */,
			);
			path = SunnyWalker;
			sourceTree = "<group>";
		};
		6E2FDA7104A9144C4D64DBF5 /* Views */ = {
			isa = PBXGroup;
			children = (
				6218564575F4EA0F85D3DEC8 /* Alarm */,
				55669AC9E92F4AC8AAE45274 /* Components */,
				77D06D74C8F83D818905D2F4 /* Home */,
				D5E6F7A8B9C0D1E2F3A4B5C6 /* Settings */,
			);
			path = Views;
			sourceTree = "<group>";
		};
		734DAF79700E2E80CC76C73B /* Models */ = {
			isa = PBXGroup;
			children = (
				60114EB5C3B3CEE759BABCDF /* Alarm.swift */,
				50A33375D159471D87BDC522 /* WakeRecord.swift */,
				FD9EEB09F94A4A96A8574309 /* VoiceClip.swift */,
				22A2AA7D2B5E43A9AF2C06E6 /* WakePhrase.swift */,
			);
			path = Models;
			sourceTree = "<group>";
		};
		77D06D74C8F83D818905D2F4 /* Home */ = {
			isa = PBXGroup;
			children = (
				1EB6388EF249B7365D9B3B48 /* HomeView.swift */,
				88EBD3D4BCB747A3ACCC9595 /* CloudBackground.swift */,
				2B3C4D5E6F7A8B9C0D1E2F3A /* DaytimeScene.swift */,
			);
			path = Home;
			sourceTree = "<group>";
		};
		C638D6224AA4077166EFFC67 /* Products */ = {
			isa = PBXGroup;
			children = (
				0972897111DE3E819D823136 /* SunnyWalker.app */,
				A62870FEE6EBDBF0393F2E7D /* SunnyWalkerTests.xctest */,
			);
			name = Products;
			sourceTree = "<group>";
		};
		5C528A8CF12C45C5A39894EA /* Intents */ = {
			isa = PBXGroup;
			children = (
				934C934671804C5B926D7DBE /* StopAlarmIntent.swift */,
			);
			path = Intents;
			sourceTree = "<group>";
		};
		EFBEA798C78CDDC40F5F236A /* Services */ = {
			isa = PBXGroup;
			children = (
				888960B949E00E9AC9FAA4DD /* AlarmScheduler.swift */,
				8FB50906ADD3045D02D04AC2 /* PermissionManager.swift */,
				11AA22BB33CC44DD55EE66FF /* AudioPlayer.swift */,
				FF00EE11DD22CC33BB44AA55 /* SpeechRecognizer.swift */,
				99AA88BB77CC66DD55EE44FF /* AudioRecorder.swift */,
				EE33FF44AA55BB66CC11DD22 /* MarkdownAlarmIO.swift */,
				7C47F7355F664DE4B80EC443 /* AlarmKitService.swift */,
				35BDB6DCCE6E44A296040C24 /* BedSideManager.swift */,
			);
			path = Services;
			sourceTree = "<group>";
		};
		55669AC9E92F4AC8AAE45274 /* Components */ = {
			isa = PBXGroup;
			children = (
				395FEB57BFB047F0B4263EBA /* GhibliButton.swift */,
				0BFC27C615FE4BB2BE541B12 /* WatercolorCard.swift */,
				C815F3C94E334FCC8C44B587 /* TotoroAvatar.swift */,
			);
			path = Components;
			sourceTree = "<group>";
		};
/* End PBXGroup section */

/* Begin PBXNativeTarget section */
		7559288E79C6BA3A31945BF7 /* SunnyWalkerTests */ = {
			isa = PBXNativeTarget;
			buildConfigurationList = CC23E2996D68BC7F705C54E4 /* Build configuration list for PBXNativeTarget "SunnyWalkerTests" */;
			buildPhases = (
				8F1C497970AA68FAC116D791 /* Sources */,
			);
			buildRules = (
			);
			dependencies = (
				7CFCD6C5D876F680449DD99D /* PBXTargetDependency */,
			);
			name = SunnyWalkerTests;
			packageProductDependencies = (
			);
			productName = SunnyWalkerTests;
			productReference = A62870FEE6EBDBF0393F2E7D /* SunnyWalkerTests.xctest */;
			productType = "com.apple.product-type.bundle.unit-test";
		};
		B16869256E59B2A3381C61E8 /* SunnyWalker */ = {
			isa = PBXNativeTarget;
			buildConfigurationList = 8850D1A92F66DBAEC416A06A /* Build configuration list for PBXNativeTarget "SunnyWalker" */;
			buildPhases = (
				4FB60F10CA141CB3050F07D2 /* Sources */,
				CC3344DDEE5566FF7788AA99 /* Frameworks */,
				523852C83B0CD689ACE0DB05 /* Resources */,
			);
			buildRules = (
			);
			dependencies = (
			);
			name = SunnyWalker;
			packageProductDependencies = (
				EE99FF0011AA22BB33CC44DD /* ConfettiSwiftUI */,
			);
			productName = SunnyWalker;
			productReference = 0972897111DE3E819D823136 /* SunnyWalker.app */;
			productType = "com.apple.product-type.application";
		};
/* End PBXNativeTarget section */

/* Begin PBXProject section */
		9CDE5F91F9849D6056C19DD5 /* Project object */ = {
			isa = PBXProject;
			attributes = {
				BuildIndependentTargetsInParallel = YES;
				LastUpgradeCheck = 1430;
				TargetAttributes = {
				};
			};
			buildConfigurationList = 3CB33E2368DAD785BABEE546 /* Build configuration list for PBXProject "SunnyWalker" */;
			developmentRegion = "zh-Hant";
			hasScannedForEncodings = 0;
			knownRegions = (
				Base,
				"zh-Hant",
			);
			mainGroup = 095C19C14024F6CD35129004;
			minimizedProjectReferenceProxies = 1;
			packageReferences = (
				AAFF1122BB3344CC55DD6677 /* XCRemoteSwiftPackageReference "ConfettiSwiftUI" */,
			);
			preferredProjectObjectVersion = 77;
			productRefGroup = C638D6224AA4077166EFFC67 /* Products */;
			projectDirPath = "";
			projectRoot = "";
			targets = (
				B16869256E59B2A3381C61E8 /* SunnyWalker */,
				7559288E79C6BA3A31945BF7 /* SunnyWalkerTests */,
			);
		};
/* End PBXProject section */

/* Begin PBXResourcesBuildPhase section */
		523852C83B0CD689ACE0DB05 /* Resources */ = {
			isa = PBXResourcesBuildPhase;
			buildActionMask = 2147483647;
			files = (
				59BE7E26DBBFA422BBE2D304 /* Assets.xcassets in Resources */,
				44EEFF5500AABB11CC22DD33 /* totoro_breath.caf in Resources */,
				660011AABB22CC33DD44EE55 /* leaf_rustle.caf in Resources */,
			);
			runOnlyForDeploymentPostprocessing = 0;
		};
/* End PBXResourcesBuildPhase section */

/* Begin PBXSourcesBuildPhase section */
		4FB60F10CA141CB3050F07D2 /* Sources */ = {
			isa = PBXSourcesBuildPhase;
			buildActionMask = 2147483647;
			files = (
				A2F163FC44719CCE23C942D7 /* Alarm.swift in Sources */,
				B2C05224080444FFB81F6DB6 /* WakeRecord.swift in Sources */,
				8672D8B3917813013073515A /* AlarmListView.swift in Sources */,
				6E6BB8973553E8955C2406C9 /* AlarmScheduler.swift in Sources */,
				7338FA1271440248492463D6 /* ContentView.swift in Sources */,
				6038E36000101404AEC7372B /* GhibliColors.swift in Sources */,
				E409258EA2C6052DDE696951 /* HomeView.swift in Sources */,
				EEB48CC687CFDC2476613F74 /* PermissionManager.swift in Sources */,
				517FFF4CB31F472BA4BCCEC4 /* GhibliFonts.swift in Sources */,
				58F211BACAAD454887C03533 /* Animations.swift in Sources */,
				DE19B91E7EBC4F488AC8FF27 /* VoiceClip.swift in Sources */,
				B9294C37B2B74E39A72BAD0F /* WakePhrase.swift in Sources */,
				37414878589A4940A186D2D1 /* CloudBackground.swift in Sources */,
				75285E92488D4FC7BBF116E0 /* GhibliButton.swift in Sources */,
				D2230931C30F4BBC8CAC72F7 /* WatercolorCard.swift in Sources */,
				D48A6E959C404F659A9B7C41 /* TotoroAvatar.swift in Sources */,
				A1D2E3F4A5B6C7D8E9F0A1B2 /* DaytimeScene.swift in Sources */,
				E08BE7AC23F36A479736F09D /* SunnyWalkerApp.swift in Sources */,
				F1A2B3C4D5E6F7A8B9C0D1E2 /* AlarmRingView.swift in Sources */,
				C3D4E5F6A7B8C9D0E1F2A3B4 /* AlarmEditorView.swift in Sources */,
				AA01BB02CC03DD04EE05FF06 /* AudioPlayer.swift in Sources */,
				55FF44EE33DD22CC11BB00AA /* SpeechRecognizer.swift in Sources */,
				6655FFEE4433DDCC2211BBAA /* RewardView.swift in Sources */,
				AA99BB88CC77DD66EE55FF44 /* AudioRecorder.swift in Sources */,
				BB00CC11DD22EE33FF44AA55 /* RecordingView.swift in Sources */,
				DD22EE33FF44AA55BB66CC11 /* ParentalGateView.swift in Sources */,
				FF44AA55BB66CC11DD22EE33 /* MarkdownAlarmIO.swift in Sources */,
				11BBCC22DD33EE44FF5500AA /* AlarmIOView.swift in Sources */,
				145CCD43707947468712511C /* WakeHistoryView.swift in Sources */,
				CCEBE8A6E7144DCEB7A1C259 /* AlarmKitService.swift in Sources */,
				E9D2B038759A4164AB1EFFC2 /* BedSideManager.swift in Sources */,
				42F4DABBD2B0408EB6315653 /* StopAlarmIntent.swift in Sources */,
			);
			runOnlyForDeploymentPostprocessing = 0;
		};
		8F1C497970AA68FAC116D791 /* Sources */ = {
			isa = PBXSourcesBuildPhase;
			buildActionMask = 2147483647;
			files = (
				38587801E02A30EB326F77B6 /* SunnyWalkerTests.swift in Sources */,
			);
			runOnlyForDeploymentPostprocessing = 0;
		};
/* End PBXSourcesBuildPhase section */

/* Begin PBXTargetDependency section */
		7CFCD6C5D876F680449DD99D /* PBXTargetDependency */ = {
			isa = PBXTargetDependency;
			target = B16869256E59B2A3381C61E8 /* SunnyWalker */;
			targetProxy = 67D4C7C450593D2F0A999EAC /* PBXContainerItemProxy */;
		};
/* End PBXTargetDependency section */

/* Begin XCRemoteSwiftPackageReference section */
		AAFF1122BB3344CC55DD6677 /* XCRemoteSwiftPackageReference "ConfettiSwiftUI" */ = {
			isa = XCRemoteSwiftPackageReference;
			repositoryURL = "https://github.com/simibac/ConfettiSwiftUI";
			requirement = {
				kind = upToNextMajorVersion;
				minimumVersion = 1.1.0;
			};
		};
/* End XCRemoteSwiftPackageReference section */

/* Begin XCSwiftPackageProductDependency section */
		EE99FF0011AA22BB33CC44DD /* XCSwiftPackageProductDependency */ = {
			isa = XCSwiftPackageProductDependency;
			package = AAFF1122BB3344CC55DD6677 /* XCRemoteSwiftPackageReference "ConfettiSwiftUI" */;
			productName = ConfettiSwiftUI;
		};
/* End XCSwiftPackageProductDependency section */

/* Begin XCBuildConfiguration section */
		22D186CCB9AB9DA8171AF873 /* Release */ = {
			isa = XCBuildConfiguration;
			buildSettings = {
				BUNDLE_LOADER = "$(TEST_HOST)";
				GENERATE_INFOPLIST_FILE = YES;
				LD_RUNPATH_SEARCH_PATHS = (
					"$(inherited)",
					"@executable_path/Frameworks",
					"@loader_path/Frameworks",
				);
				PRODUCT_BUNDLE_IDENTIFIER = com.m2k.SunnyWalkerTests;
				SDKROOT = iphoneos;
				TARGETED_DEVICE_FAMILY = "1,2";
				TEST_HOST = "$(BUILT_PRODUCTS_DIR)/SunnyWalker.app/SunnyWalker";
			};
			name = Release;
		};
		2449D46962494FA319B3F28E /* Release */ = {
			isa = XCBuildConfiguration;
			buildSettings = {
				ALWAYS_SEARCH_USER_PATHS = NO;
				CLANG_ANALYZER_NONNULL = YES;
				CLANG_ANALYZER_NUMBER_OBJECT_CONVERSION = YES_AGGRESSIVE;
				CLANG_CXX_LANGUAGE_STANDARD = "gnu++14";
				CLANG_CXX_LIBRARY = "libc++";
				CLANG_ENABLE_MODULES = YES;
				CLANG_ENABLE_OBJC_ARC = YES;
				CLANG_ENABLE_OBJC_WEAK = YES;
				CLANG_WARN_BLOCK_CAPTURE_AUTORELEASING = YES;
				CLANG_WARN_BOOL_CONVERSION = YES;
				CLANG_WARN_COMMA = YES;
				CLANG_WARN_CONSTANT_CONVERSION = YES;
				CLANG_WARN_DEPRECATED_OBJC_IMPLEMENTATIONS = YES;
				CLANG_WARN_DIRECT_OBJC_ISA_USAGE = YES_ERROR;
				CLANG_WARN_DOCUMENTATION_COMMENTS = YES;
				CLANG_WARN_EMPTY_BODY = YES;
				CLANG_WARN_ENUM_CONVERSION = YES;
				CLANG_WARN_INFINITE_RECURSION = YES;
				CLANG_WARN_INT_CONVERSION = YES;
				CLANG_WARN_NON_LITERAL_NULL_CONVERSION = YES;
				CLANG_WARN_OBJC_IMPLICIT_RETAIN_SELF = YES;
				CLANG_WARN_OBJC_LITERAL_CONVERSION = YES;
				CLANG_WARN_OBJC_ROOT_CLASS = YES_ERROR;
				CLANG_WARN_QUOTED_INCLUDE_IN_FRAMEWORK_HEADER = YES;
				CLANG_WARN_RANGE_LOOP_ANALYSIS = YES;
				CLANG_WARN_STRICT_PROTOTYPES = YES;
				CLANG_WARN_SUSPICIOUS_MOVE = YES;
				CLANG_WARN_UNGUARDED_AVAILABILITY = YES_AGGRESSIVE;
				CLANG_WARN_UNREACHABLE_CODE = YES;
				CLANG_WARN__DUPLICATE_METHOD_MATCH = YES;
				COPY_PHASE_STRIP = NO;
				CURRENT_PROJECT_VERSION = 1;
				DEBUG_INFORMATION_FORMAT = "dwarf-with-dsym";
				ENABLE_NS_ASSERTIONS = NO;
				ENABLE_STRICT_OBJC_MSGSEND = YES;
				ENABLE_USER_SCRIPT_SANDBOXING = NO;
				GCC_C_LANGUAGE_STANDARD = gnu11;
				GCC_NO_COMMON_BLOCKS = YES;
				GCC_WARN_64_TO_32_BIT_CONVERSION = YES;
				GCC_WARN_ABOUT_RETURN_TYPE = YES_ERROR;
				GCC_WARN_UNDECLARED_SELECTOR = YES;
				GCC_WARN_UNINITIALIZED_AUTOS = YES_AGGRESSIVE;
				GCC_WARN_UNUSED_FUNCTION = YES;
				GCC_WARN_UNUSED_VARIABLE = YES;
				IPHONEOS_DEPLOYMENT_TARGET = 26.0;
				MARKETING_VERSION = 0.2.0;
				MTL_ENABLE_DEBUG_INFO = NO;
				MTL_FAST_MATH = YES;
				PRODUCT_NAME = "$(TARGET_NAME)";
				SDKROOT = iphoneos;
				SWIFT_COMPILATION_MODE = wholemodule;
				SWIFT_OPTIMIZATION_LEVEL = "-O";
				SWIFT_VERSION = 5.9;
			};
			name = Release;
		};
		4AB2E359AE8081DED87B3944 /* Release */ = {
			isa = XCBuildConfiguration;
			buildSettings = {
				ASSETCATALOG_COMPILER_APPICON_NAME = AppIcon;
				CODE_SIGN_ENTITLEMENTS = SunnyWalker/SunnyWalker.entitlements;
				CODE_SIGN_IDENTITY = "iPhone Developer";
				GENERATE_INFOPLIST_FILE = NO;
				INFOPLIST_FILE = SunnyWalker/Info.plist;
				LD_RUNPATH_SEARCH_PATHS = (
					"$(inherited)",
					"@executable_path/Frameworks",
				);
				PRODUCT_BUNDLE_IDENTIFIER = com.m2k.sunnywalker;
				SDKROOT = iphoneos;
				TARGETED_DEVICE_FAMILY = "1,2";
			};
			name = Release;
		};
		60937BD4E4755298A6F7F065 /* Debug */ = {
			isa = XCBuildConfiguration;
			buildSettings = {
				ASSETCATALOG_COMPILER_APPICON_NAME = AppIcon;
				CODE_SIGN_ENTITLEMENTS = SunnyWalker/SunnyWalker.entitlements;
				CODE_SIGN_IDENTITY = "iPhone Developer";
				GENERATE_INFOPLIST_FILE = NO;
				INFOPLIST_FILE = SunnyWalker/Info.plist;
				LD_RUNPATH_SEARCH_PATHS = (
					"$(inherited)",
					"@executable_path/Frameworks",
				);
				PRODUCT_BUNDLE_IDENTIFIER = com.m2k.sunnywalker;
				SDKROOT = iphoneos;
				TARGETED_DEVICE_FAMILY = "1,2";
			};
			name = Debug;
		};
		86BE7228D43B315B3E6C4322 /* Debug */ = {
			isa = XCBuildConfiguration;
			buildSettings = {
				ALWAYS_SEARCH_USER_PATHS = NO;
				CLANG_ANALYZER_NONNULL = YES;
				CLANG_ANALYZER_NUMBER_OBJECT_CONVERSION = YES_AGGRESSIVE;
				CLANG_CXX_LANGUAGE_STANDARD = "gnu++14";
				CLANG_CXX_LIBRARY = "libc++";
				CLANG_ENABLE_MODULES = YES;
				CLANG_ENABLE_OBJC_ARC = YES;
				CLANG_ENABLE_OBJC_WEAK = YES;
				CLANG_WARN_BLOCK_CAPTURE_AUTORELEASING = YES;
				CLANG_WARN_BOOL_CONVERSION = YES;
				CLANG_WARN_COMMA = YES;
				CLANG_WARN_CONSTANT_CONVERSION = YES;
				CLANG_WARN_DEPRECATED_OBJC_IMPLEMENTATIONS = YES;
				CLANG_WARN_DIRECT_OBJC_ISA_USAGE = YES_ERROR;
				CLANG_WARN_DOCUMENTATION_COMMENTS = YES;
				CLANG_WARN_EMPTY_BODY = YES;
				CLANG_WARN_ENUM_CONVERSION = YES;
				CLANG_WARN_INFINITE_RECURSION = YES;
				CLANG_WARN_INT_CONVERSION = YES;
				CLANG_WARN_NON_LITERAL_NULL_CONVERSION = YES;
				CLANG_WARN_OBJC_IMPLICIT_RETAIN_SELF = YES;
				CLANG_WARN_OBJC_LITERAL_CONVERSION = YES;
				CLANG_WARN_OBJC_ROOT_CLASS = YES_ERROR;
				CLANG_WARN_QUOTED_INCLUDE_IN_FRAMEWORK_HEADER = YES;
				CLANG_WARN_RANGE_LOOP_ANALYSIS = YES;
				CLANG_WARN_STRICT_PROTOTYPES = YES;
				CLANG_WARN_SUSPICIOUS_MOVE = YES;
				CLANG_WARN_UNGUARDED_AVAILABILITY = YES_AGGRESSIVE;
				CLANG_WARN_UNREACHABLE_CODE = YES;
				CLANG_WARN__DUPLICATE_METHOD_MATCH = YES;
				COPY_PHASE_STRIP = NO;
				CURRENT_PROJECT_VERSION = 1;
				DEBUG_INFORMATION_FORMAT = dwarf;
				ENABLE_STRICT_OBJC_MSGSEND = YES;
				ENABLE_TESTABILITY = YES;
				ENABLE_USER_SCRIPT_SANDBOXING = NO;
				GCC_C_LANGUAGE_STANDARD = gnu11;
				GCC_DYNAMIC_NO_PIC = NO;
				GCC_NO_COMMON_BLOCKS = YES;
				GCC_OPTIMIZATION_LEVEL = 0;
				GCC_PREPROCESSOR_DEFINITIONS = (
					"$(inherited)",
					"DEBUG=1",
				);
				GCC_WARN_64_TO_32_BIT_CONVERSION = YES;
				GCC_WARN_ABOUT_RETURN_TYPE = YES_ERROR;
				GCC_WARN_UNDECLARED_SELECTOR = YES;
				GCC_WARN_UNINITIALIZED_AUTOS = YES_AGGRESSIVE;
				GCC_WARN_UNUSED_FUNCTION = YES;
				GCC_WARN_UNUSED_VARIABLE = YES;
				IPHONEOS_DEPLOYMENT_TARGET = 26.0;
				MARKETING_VERSION = 0.2.0;
				MTL_ENABLE_DEBUG_INFO = INCLUDE_SOURCE;
				MTL_FAST_MATH = YES;
				ONLY_ACTIVE_ARCH = YES;
				PRODUCT_NAME = "$(TARGET_NAME)";
				SDKROOT = iphoneos;
				SWIFT_ACTIVE_COMPILATION_CONDITIONS = DEBUG;
				SWIFT_OPTIMIZATION_LEVEL = "-Onone";
				SWIFT_VERSION = 5.9;
			};
			name = Debug;
		};
		DB6C75ECCFC4720EBE89CE83 /* Debug */ = {
			isa = XCBuildConfiguration;
			buildSettings = {
				BUNDLE_LOADER = "$(TEST_HOST)";
				GENERATE_INFOPLIST_FILE = YES;
				LD_RUNPATH_SEARCH_PATHS = (
					"$(inherited)",
					"@executable_path/Frameworks",
					"@loader_path/Frameworks",
				);
				PRODUCT_BUNDLE_IDENTIFIER = com.m2k.SunnyWalkerTests;
				SDKROOT = iphoneos;
				TARGETED_DEVICE_FAMILY = "1,2";
				TEST_HOST = "$(BUILT_PRODUCTS_DIR)/SunnyWalker.app/SunnyWalker";
			};
			name = Debug;
		};
/* End XCBuildConfiguration section */

/* Begin XCConfigurationList section */
		3CB33E2368DAD785BABEE546 /* Build configuration list for PBXProject "SunnyWalker" */ = {
			isa = XCConfigurationList;
			buildConfigurations = (
				86BE7228D43B315B3E6C4322 /* Debug */,
				2449D46962494FA319B3F28E /* Release */,
			);
			defaultConfigurationIsVisible = 0;
			defaultConfigurationName = Debug;
		};
		8850D1A92F66DBAEC416A06A /* Build configuration list for PBXNativeTarget "SunnyWalker" */ = {
			isa = XCConfigurationList;
			buildConfigurations = (
				60937BD4E4755298A6F7F065 /* Debug */,
				4AB2E359AE8081DED87B3944 /* Release */,
			);
			defaultConfigurationIsVisible = 0;
			defaultConfigurationName = Debug;
		};
		CC23E2996D68BC7F705C54E4 /* Build configuration list for PBXNativeTarget "SunnyWalkerTests" */ = {
			isa = XCConfigurationList;
			buildConfigurations = (
				DB6C75ECCFC4720EBE89CE83 /* Debug */,
				22D186CCB9AB9DA8171AF873 /* Release */,
			);
			defaultConfigurationIsVisible = 0;
			defaultConfigurationName = Debug;
		};
/* End XCConfigurationList section */
	};
	rootObject = 9CDE5F91F9849D6056C19DD5 /* Project object */;
}
