// !$*UTF8*$!
{
	archiveVersion = 1;
	classes = {
	};
	objectVersion = 77;
	objects = {

/* Begin PBXBuildFile section */
		002BA53BDAF65EF7827240D8 /* RecordingView.swift in Sources */ = {isa = PBXBuildFile; fileRef = 892C0B175BB78C133BDF4A9A /* RecordingView.swift */; };
		00F40DEC550A65F5744B1465 /* success_cheer.wav in Resources */ = {isa = PBXBuildFile; fileRef = 04CFE05C97D05DBDEFEACB3C /* success_cheer.wav */; };
		019276FB701C56D377901176 /* SunnyButton.swift in Sources */ = {isa = PBXBuildFile; fileRef = 46FBC69DB1653C24FCF0FA66 /* SunnyButton.swift */; };
		1386818AEDA460AC0E1A2E56 /* leaf_rustle.caf in Resources */ = {isa = PBXBuildFile; fileRef = 3C92C8D1710737421F80BF59 /* leaf_rustle.caf */; };
		1AD2DBF58E01FBE42AF1F681 /* BedSideManager.swift in Sources */ = {isa = PBXBuildFile; fileRef = 05356F2D5C177271D275559D /* BedSideManager.swift */; };
		29BD4F65DED2C01951CEDFF1 /* sunny_wake.caf in Resources */ = {isa = PBXBuildFile; fileRef = 5ADAA14820B7C78C2F26A0D8 /* sunny_wake.caf */; };
		2A6E1323194D61C957BA4877 /* MascotView.swift in Sources */ = {isa = PBXBuildFile; fileRef = 8B9262BFA4C34750865DE277 /* MascotView.swift */; };
		2DA0605B3066C673363408B3 /* MarkdownAlarmIO.swift in Sources */ = {isa = PBXBuildFile; fileRef = A9980AB76E88D93B5F47148F /* MarkdownAlarmIO.swift */; };
		2FA716C98FC48F6B082F492E /* SunnyFonts.swift in Sources */ = {isa = PBXBuildFile; fileRef = 7D68BD8FA689AB6E344E0DFA /* SunnyFonts.swift */; };
		38587801E02A30EB326F77B6 /* SunnyWalkerTests.swift in Sources */ = {isa = PBXBuildFile; fileRef = C3D1F26EFBA32A646095235A /* SunnyWalkerTests.swift */; };
		3AFF1E5DCB46051419AE5A95 /* VoiceLibraryView.swift in Sources */ = {isa = PBXBuildFile; fileRef = 24B2BFC0C5DBBE0D50BC812C /* VoiceLibraryView.swift */; };
		3BC8F8E87CABFEF31FB088DA /* AudioPlayer.swift in Sources */ = {isa = PBXBuildFile; fileRef = C6A487603264A6DA88C647F8 /* AudioPlayer.swift */; };
		443AE8609D04C19C84D54B4A /* Animations.swift in Sources */ = {isa = PBXBuildFile; fileRef = 1025175993B11094CCAC30F5 /* Animations.swift */; };
		498581084950B53F336D6AC6 /* AppSettings.swift in Sources */ = {isa = PBXBuildFile; fileRef = 0B16896DF5A7D7F278398889 /* AppSettings.swift */; };
		499BA1FC564089EFF62D8A6A /* GiraffeAvatar.swift in Sources */ = {isa = PBXBuildFile; fileRef = 152B960BF89216BE38D306F6 /* GiraffeAvatar.swift */; };
		505C59164E21638ED2A87584 /* AlarmEditorView.swift in Sources */ = {isa = PBXBuildFile; fileRef = 5A684F8B532ECD63CBA54503 /* AlarmEditorView.swift */; };
		52FC735515496B3E7138A958 /* RingtonePickerSheet.swift in Sources */ = {isa = PBXBuildFile; fileRef = 3A9A3B1D0C7F32B69EB73774 /* RingtonePickerSheet.swift */; };
		56776B2E0DCCAF04D93E92C5 /* PrivacyInfo.xcprivacy in Resources */ = {isa = PBXBuildFile; fileRef = 3D1F158233E1E9163C959DD3 /* PrivacyInfo.xcprivacy */; };
		56B96DD65F567429D696624B /* WakeRecord.swift in Sources */ = {isa = PBXBuildFile; fileRef = 5F6D67B3B5D9C27FB3D0E4A5 /* WakeRecord.swift */; };
		579B7BCCE0AC2BBCD507366F /* SunnyAvatar.swift in Sources */ = {isa = PBXBuildFile; fileRef = C16CA58BFAB96B2A25BD430C /* SunnyAvatar.swift */; };
		59BE7E26DBBFA422BBE2D304 /* Assets.xcassets in Resources */ = {isa = PBXBuildFile; fileRef = 8A39961C2B11BD747210DF5F /* Assets.xcassets */; };
		68AA8103FE36E816FF107BBF /* AlarmKitService.swift in Sources */ = {isa = PBXBuildFile; fileRef = 3463A26A5896E472E0EBDCA1 /* AlarmKitService.swift */; };
		6E2BF1D94579A87F0381BA12 /* StopAlarmIntent.swift in Sources */ = {isa = PBXBuildFile; fileRef = 0D002EC033E8CCE3A071A9FA /* StopAlarmIntent.swift */; };
		6E6BB8973553E8955C2406C9 /* AlarmScheduler.swift in Sources */ = {isa = PBXBuildFile; fileRef = 888960B949E00E9AC9FAA4DD /* AlarmScheduler.swift */; };
		7338FA1271440248492463D6 /* ContentView.swift in Sources */ = {isa = PBXBuildFile; fileRef = B0AF6F8D65E69FBCF0C1E5CE /* ContentView.swift */; };
		786B629EF4275830D91689C6 /* AlarmIOView.swift in Sources */ = {isa = PBXBuildFile; fileRef = 26E49492007B21D867DE139A /* AlarmIOView.swift */; };
		7D2C100FD81695B60A76C7E7 /* ConfettiSwiftUI in Frameworks */ = {isa = PBXBuildFile; productRef = E6353080ADA8D5E5A1A2D737 /* ConfettiSwiftUI */; };
		8048B0AF117F5962D38548BA /* WakePhrase.swift in Sources */ = {isa = PBXBuildFile; fileRef = 6B72BE62A0ACFFCBD3599F28 /* WakePhrase.swift */; };
		8672D8B3917813013073515A /* AlarmListView.swift in Sources */ = {isa = PBXBuildFile; fileRef = 14909DF5F592C0045CF04728 /* AlarmListView.swift */; };
		9963F75094590316808918F3 /* WakeHistoryView.swift in Sources */ = {isa = PBXBuildFile; fileRef = 8E8F50B718D9D7CBCD731146 /* WakeHistoryView.swift */; };
		A2F163FC44719CCE23C942D7 /* Alarm.swift in Sources */ = {isa = PBXBuildFile; fileRef = 60114EB5C3B3CEE759BABCDF /* Alarm.swift */; };
		AE34FEC3FB8419495514DA29 /* VoiceClip.swift in Sources */ = {isa = PBXBuildFile; fileRef = 8A8E8B44056E1DBE4A0429A7 /* VoiceClip.swift */; };
		B7A6F243CAAAAC2F718D95FB /* AlarmRingView.swift in Sources */ = {isa = PBXBuildFile; fileRef = 46A37A57C8FCFE4F4D092654 /* AlarmRingView.swift */; };
		B89E35BE8DA029C56D5E300A /* RewardView.swift in Sources */ = {isa = PBXBuildFile; fileRef = F8B2F46A3941FEE3E76A4346 /* RewardView.swift */; };
		C4C00C3A9B2D5847BE43516A /* SpeechRecognizer.swift in Sources */ = {isa = PBXBuildFile; fileRef = 3B95C4905637E5F644D212ED /* SpeechRecognizer.swift */; };
		C714C087A1B5D9F0B11DECAB /* SunnyColors.swift in Sources */ = {isa = PBXBuildFile; fileRef = D43882E1C62C0E0AF8608822 /* SunnyColors.swift */; };
		D203CF6EA08D9B05D6F4E1D1 /* Localizable.xcstrings in Resources */ = {isa = PBXBuildFile; fileRef = 2BD64995B72CADA3B22DB510 /* Localizable.xcstrings */; };
		D718AFB8A73894D4BF7F4B11 /* WatercolorCard.swift in Sources */ = {isa = PBXBuildFile; fileRef = 9CE7FA83B8576CE1FFA1F10E /* WatercolorCard.swift */; };
		D7435DD04281BC3455C7EA04 /* DaytimeScene.swift in Sources */ = {isa = PBXBuildFile; fileRef = A9494AECBCB0F791E7F24F12 /* DaytimeScene.swift */; };
		DD467670A8B05840FBB95018 /* AudioRecorder.swift in Sources */ = {isa = PBXBuildFile; fileRef = 402591D9D880D83E7903B948 /* AudioRecorder.swift */; };
		E08BE7AC23F36A479736F09D /* SunnyWalkerApp.swift in Sources */ = {isa = PBXBuildFile; fileRef = 9C4E43C0AE0F566D3ACB622D /* SunnyWalkerApp.swift */; };
		E359AB840D940CEA85C8305C /* timeout_sad.wav in Resources */ = {isa = PBXBuildFile; fileRef = 2C81D51ADB7CD8DC5347513F /* timeout_sad.wav */; };
		E409258EA2C6052DDE696951 /* HomeView.swift in Sources */ = {isa = PBXBuildFile; fileRef = 1EB6388EF249B7365D9B3B48 /* HomeView.swift */; };
		EEB48CC687CFDC2476613F74 /* PermissionManager.swift in Sources */ = {isa = PBXBuildFile; fileRef = 8FB50906ADD3045D02D04AC2 /* PermissionManager.swift */; };
		F3417E034F113A67319AC0D7 /* CloudBackground.swift in Sources */ = {isa = PBXBuildFile; fileRef = E082FE6D44313D96DE49E326 /* CloudBackground.swift */; };
		F5649E1A09CA9E061FA1E461 /* Localization.swift in Sources */ = {isa = PBXBuildFile; fileRef = 17D2C7A097FD7E4BAEC53FA4 /* Localization.swift */; };
		F611542339033C21D36F581C /* ParentalGateView.swift in Sources */ = {isa = PBXBuildFile; fileRef = 3DD4D5BB8865D7F2CCD6A36D /* ParentalGateView.swift */; };
/* End PBXBuildFile section */

/* Begin PBXContainerItemProxy section */
		67D4C7C450593D2F0A999EAC /* PBXContainerItemProxy */ = {
			isa = PBXContainerItemProxy;
			containerPortal = 9CDE5F91F9849D6056C19DD5 /* Project object */;
			proxyType = 1;
			remoteGlobalIDString = B16869256E59B2A3381C61E8;
			remoteInfo = SunnyWalker;
		};
/* End PBXContainerItemProxy section */

/* Begin PBXFileReference section */
		04CFE05C97D05DBDEFEACB3C /* success_cheer.wav */ = {isa = PBXFileReference; lastKnownFileType = audio.wav; path = success_cheer.wav; sourceTree = "<group>"; };
		05356F2D5C177271D275559D /* BedSideManager.swift */ = {isa = PBXFileReference; lastKnownFileType = sourcecode.swift; path = BedSideManager.swift; sourceTree = "<group>"; };
		0972897111DE3E819D823136 /* SunnyWalker.app */ = {isa = PBXFileReference; explicitFileType = wrapper.application; includeInIndex = 0; path = SunnyWalker.app; sourceTree = BUILT_PRODUCTS_DIR; };
		0B16896DF5A7D7F278398889 /* AppSettings.swift */ = {isa = PBXFileReference; lastKnownFileType = sourcecode.swift; path = AppSettings.swift; sourceTree = "<group>"; };
		0D002EC033E8CCE3A071A9FA /* StopAlarmIntent.swift */ = {isa = PBXFileReference; lastKnownFileType = sourcecode.swift; path = StopAlarmIntent.swift; sourceTree = "<group>"; };
		1025175993B11094CCAC30F5 /* Animations.swift */ = {isa = PBXFileReference; lastKnownFileType = sourcecode.swift; path = Animations.swift; sourceTree = "<group>"; };
		14909DF5F592C0045CF04728 /* AlarmListView.swift */ = {isa = PBXFileReference; lastKnownFileType = sourcecode.swift; path = AlarmListView.swift; sourceTree = "<group>"; };
		152B960BF89216BE38D306F6 /* GiraffeAvatar.swift */ = {isa = PBXFileReference; lastKnownFileType = sourcecode.swift; path = GiraffeAvatar.swift; sourceTree = "<group>"; };
		17D2C7A097FD7E4BAEC53FA4 /* Localization.swift */ = {isa = PBXFileReference; lastKnownFileType = sourcecode.swift; path = Localization.swift; sourceTree = "<group>"; };
		1EB6388EF249B7365D9B3B48 /* HomeView.swift */ = {isa = PBXFileReference; lastKnownFileType = sourcecode.swift; path = HomeView.swift; sourceTree = "<group>"; };
		24B2BFC0C5DBBE0D50BC812C /* VoiceLibraryView.swift */ = {isa = PBXFileReference; lastKnownFileType = sourcecode.swift; path = VoiceLibraryView.swift; sourceTree = "<group>"; };
		26E49492007B21D867DE139A /* AlarmIOView.swift */ = {isa = PBXFileReference; lastKnownFileType = sourcecode.swift; path = AlarmIOView.swift; sourceTree = "<group>"; };
		2BD64995B72CADA3B22DB510 /* Localizable.xcstrings */ = {isa = PBXFileReference; lastKnownFileType = text.json.xcstrings; path = Localizable.xcstrings; sourceTree = "<group>"; };
		2C81D51ADB7CD8DC5347513F /* timeout_sad.wav */ = {isa = PBXFileReference; lastKnownFileType = audio.wav; path = timeout_sad.wav; sourceTree = "<group>"; };
		3463A26A5896E472E0EBDCA1 /* AlarmKitService.swift */ = {isa = PBXFileReference; lastKnownFileType = sourcecode.swift; path = AlarmKitService.swift; sourceTree = "<group>"; };
		3A9A3B1D0C7F32B69EB73774 /* RingtonePickerSheet.swift */ = {isa = PBXFileReference; lastKnownFileType = sourcecode.swift; path = RingtonePickerSheet.swift; sourceTree = "<group>"; };
		3B95C4905637E5F644D212ED /* SpeechRecognizer.swift */ = {isa = PBXFileReference; lastKnownFileType = sourcecode.swift; path = SpeechRecognizer.swift; sourceTree = "<group>"; };
		3C92C8D1710737421F80BF59 /* leaf_rustle.caf */ = {isa = PBXFileReference; lastKnownFileType = file; path = leaf_rustle.caf; sourceTree = "<group>"; };
		3D1F158233E1E9163C959DD3 /* PrivacyInfo.xcprivacy */ = {isa = PBXFileReference; lastKnownFileType = text.xml; path = PrivacyInfo.xcprivacy; sourceTree = "<group>"; };
		3DD4D5BB8865D7F2CCD6A36D /* ParentalGateView.swift */ = {isa = PBXFileReference; lastKnownFileType = sourcecode.swift; path = ParentalGateView.swift; sourceTree = "<group>"; };
		402591D9D880D83E7903B948 /* AudioRecorder.swift */ = {isa = PBXFileReference; lastKnownFileType = sourcecode.swift; path = AudioRecorder.swift; sourceTree = "<group>"; };
		46A29B4B7C206E35F4EB5B97 /* SunnyWalker.entitlements */ = {isa = PBXFileReference; lastKnownFileType = text.plist.entitlements; path = SunnyWalker.entitlements; sourceTree = "<group>"; };
		46A37A57C8FCFE4F4D092654 /* AlarmRingView.swift */ = {isa = PBXFileReference; lastKnownFileType = sourcecode.swift; path = AlarmRingView.swift; sourceTree = "<group>"; };
		46FBC69DB1653C24FCF0FA66 /* SunnyButton.swift */ = {isa = PBXFileReference; lastKnownFileType = sourcecode.swift; path = SunnyButton.swift; sourceTree = "<group>"; };
		5A684F8B532ECD63CBA54503 /* AlarmEditorView.swift */ = {isa = PBXFileReference; lastKnownFileType = sourcecode.swift; path = AlarmEditorView.swift; sourceTree = "<group>"; };
		5ADAA14820B7C78C2F26A0D8 /* sunny_wake.caf */ = {isa = PBXFileReference; lastKnownFileType = file; path = sunny_wake.caf; sourceTree = "<group>"; };
		5F6D67B3B5D9C27FB3D0E4A5 /* WakeRecord.swift */ = {isa = PBXFileReference; lastKnownFileType = sourcecode.swift; path = WakeRecord.swift; sourceTree = "<group>"; };
		60114EB5C3B3CEE759BABCDF /* Alarm.swift */ = {isa = PBXFileReference; lastKnownFileType = sourcecode.swift; path = Alarm.swift; sourceTree = "<group>"; };
		6B72BE62A0ACFFCBD3599F28 /* WakePhrase.swift */ = {isa = PBXFileReference; lastKnownFileType = sourcecode.swift; path = WakePhrase.swift; sourceTree = "<group>"; };
		7BD2360682B2434A47F2021F /* Info.plist */ = {isa = PBXFileReference; lastKnownFileType = text.plist; path = Info.plist; sourceTree = "<group>"; };
		7D68BD8FA689AB6E344E0DFA /* SunnyFonts.swift */ = {isa = PBXFileReference; lastKnownFileType = sourcecode.swift; path = SunnyFonts.swift; sourceTree = "<group>"; };
		888960B949E00E9AC9FAA4DD /* AlarmScheduler.swift */ = {isa = PBXFileReference; lastKnownFileType = sourcecode.swift; path = AlarmScheduler.swift; sourceTree = "<group>"; };
		892C0B175BB78C133BDF4A9A /* RecordingView.swift */ = {isa = PBXFileReference; lastKnownFileType = sourcecode.swift; path = RecordingView.swift; sourceTree = "<group>"; };
		8A39961C2B11BD747210DF5F /* Assets.xcassets */ = {isa = PBXFileReference; lastKnownFileType = folder.assetcatalog; path = Assets.xcassets; sourceTree = "<group>"; };
		8A8E8B44056E1DBE4A0429A7 /* VoiceClip.swift */ = {isa = PBXFileReference; lastKnownFileType = sourcecode.swift; path = VoiceClip.swift; sourceTree = "<group>"; };
		8B9262BFA4C34750865DE277 /* MascotView.swift */ = {isa = PBXFileReference; lastKnownFileType = sourcecode.swift; path = MascotView.swift; sourceTree = "<group>"; };
		8E8F50B718D9D7CBCD731146 /* WakeHistoryView.swift */ = {isa = PBXFileReference; lastKnownFileType = sourcecode.swift; path = WakeHistoryView.swift; sourceTree = "<group>"; };
		8FB50906ADD3045D02D04AC2 /* PermissionManager.swift */ = {isa = PBXFileReference; lastKnownFileType = sourcecode.swift; path = PermissionManager.swift; sourceTree = "<group>"; };
		9C4E43C0AE0F566D3ACB622D /* SunnyWalkerApp.swift */ = {isa = PBXFileReference; lastKnownFileType = sourcecode.swift; path = SunnyWalkerApp.swift; sourceTree = "<group>"; };
		9CE7FA83B8576CE1FFA1F10E /* WatercolorCard.swift */ = {isa = PBXFileReference; lastKnownFileType = sourcecode.swift; path = WatercolorCard.swift; sourceTree = "<group>"; };
		A62870FEE6EBDBF0393F2E7D /* SunnyWalkerTests.xctest */ = {isa = PBXFileReference; explicitFileType = wrapper.cfbundle; includeInIndex = 0; path = SunnyWalkerTests.xctest; sourceTree = BUILT_PRODUCTS_DIR; };
		A9494AECBCB0F791E7F24F12 /* DaytimeScene.swift */ = {isa = PBXFileReference; lastKnownFileType = sourcecode.swift; path = DaytimeScene.swift; sourceTree = "<group>"; };
		A9980AB76E88D93B5F47148F /* MarkdownAlarmIO.swift */ = {isa = PBXFileReference; lastKnownFileType = sourcecode.swift; path = MarkdownAlarmIO.swift; sourceTree = "<group>"; };
		B0AF6F8D65E69FBCF0C1E5CE /* ContentView.swift */ = {isa = PBXFileReference; lastKnownFileType = sourcecode.swift; path = ContentView.swift; sourceTree = "<group>"; };
		C16CA58BFAB96B2A25BD430C /* SunnyAvatar.swift */ = {isa = PBXFileReference; lastKnownFileType = sourcecode.swift; path = SunnyAvatar.swift; sourceTree = "<group>"; };
		C3D1F26EFBA32A646095235A /* SunnyWalkerTests.swift */ = {isa = PBXFileReference; lastKnownFileType = sourcecode.swift; path = SunnyWalkerTests.swift; sourceTree = "<group>"; };
		C6A487603264A6DA88C647F8 /* AudioPlayer.swift */ = {isa = PBXFileReference; lastKnownFileType = sourcecode.swift; path = AudioPlayer.swift; sourceTree = "<group>"; };
		D43882E1C62C0E0AF8608822 /* SunnyColors.swift */ = {isa = PBXFileReference; lastKnownFileType = sourcecode.swift; path = SunnyColors.swift; sourceTree = "<group>"; };
		E082FE6D44313D96DE49E326 /* CloudBackground.swift */ = {isa = PBXFileReference; lastKnownFileType = sourcecode.swift; path = CloudBackground.swift; sourceTree = "<group>"; };
		F8B2F46A3941FEE3E76A4346 /* RewardView.swift */ = {isa = PBXFileReference; lastKnownFileType = sourcecode.swift; path = RewardView.swift; sourceTree = "<group>"; };
/* End PBXFileReference section */

/* Begin PBXFrameworksBuildPhase section */
		B2BA35370880CF15C0A28808 /* Frameworks */ = {
			isa = PBXFrameworksBuildPhase;
			buildActionMask = 2147483647;
			files = (
				7D2C100FD81695B60A76C7E7 /* ConfettiSwiftUI in Frameworks */,
			);
			runOnlyForDeploymentPostprocessing = 0;
		};
/* End PBXFrameworksBuildPhase section */

/* Begin PBXGroup section */
		095C19C14024F6CD35129004 = {
			isa = PBXGroup;
			children = (
				64D650D499538406B85A625F /* SunnyWalker */,
				5426B93631556471059DA32A /* SunnyWalkerTests */,
				C638D6224AA4077166EFFC67 /* Products */,
			);
			sourceTree = "<group>";
		};
		2819B31AAA627270102010BD /* Theme */ = {
			isa = PBXGroup;
			children = (
				AA53A610E2DB728EE983DA9A /* Sounds */,
				1025175993B11094CCAC30F5 /* Animations.swift */,
				D43882E1C62C0E0AF8608822 /* SunnyColors.swift */,
				7D68BD8FA689AB6E344E0DFA /* SunnyFonts.swift */,
			);
			path = Theme;
			sourceTree = "<group>";
		};
		5121DFB6639E40E382A52354 /* Settings */ = {
			isa = PBXGroup;
			children = (
				5A684F8B532ECD63CBA54503 /* AlarmEditorView.swift */,
				26E49492007B21D867DE139A /* AlarmIOView.swift */,
				3DD4D5BB8865D7F2CCD6A36D /* ParentalGateView.swift */,
				892C0B175BB78C133BDF4A9A /* RecordingView.swift */,
				3A9A3B1D0C7F32B69EB73774 /* RingtonePickerSheet.swift */,
				24B2BFC0C5DBBE0D50BC812C /* VoiceLibraryView.swift */,
				8E8F50B718D9D7CBCD731146 /* WakeHistoryView.swift */,
			);
			path = Settings;
			sourceTree = "<group>";
		};
		5426B93631556471059DA32A /* SunnyWalkerTests */ = {
			isa = PBXGroup;
			children = (
				C3D1F26EFBA32A646095235A /* SunnyWalkerTests.swift */,
			);
			path = SunnyWalkerTests;
			sourceTree = "<group>";
		};
		6218564575F4EA0F85D3DEC8 /* Alarm */ = {
			isa = PBXGroup;
			children = (
				14909DF5F592C0045CF04728 /* AlarmListView.swift */,
				46A37A57C8FCFE4F4D092654 /* AlarmRingView.swift */,
				F8B2F46A3941FEE3E76A4346 /* RewardView.swift */,
			);
			path = Alarm;
			sourceTree = "<group>";
		};
		64D650D499538406B85A625F /* SunnyWalker */ = {
			isa = PBXGroup;
			children = (
				F92A2736E5DF2B63941DC940 /* Intents */,
				734DAF79700E2E80CC76C73B /* Models */,
				EFBEA798C78CDDC40F5F236A /* Services */,
				2819B31AAA627270102010BD /* Theme */,
				6E2FDA7104A9144C4D64DBF5 /* Views */,
				8A39961C2B11BD747210DF5F /* Assets.xcassets */,
				B0AF6F8D65E69FBCF0C1E5CE /* ContentView.swift */,
				7BD2360682B2434A47F2021F /* Info.plist */,
				2BD64995B72CADA3B22DB510 /* Localizable.xcstrings */,
				3D1F158233E1E9163C959DD3 /* PrivacyInfo.xcprivacy */,
				46A29B4B7C206E35F4EB5B97 /* SunnyWalker.entitlements */,
				9C4E43C0AE0F566D3ACB622D /* SunnyWalkerApp.swift */,
			);
			path = SunnyWalker;
			sourceTree = "<group>";
		};
		6E2FDA7104A9144C4D64DBF5 /* Views */ = {
			isa = PBXGroup;
			children = (
				6218564575F4EA0F85D3DEC8 /* Alarm */,
				CF7189DF2A6E02C1CBDEB1EA /* Components */,
				77D06D74C8F83D818905D2F4 /* Home */,
				5121DFB6639E40E382A52354 /* Settings */,
			);
			path = Views;
			sourceTree = "<group>";
		};
		734DAF79700E2E80CC76C73B /* Models */ = {
			isa = PBXGroup;
			children = (
				60114EB5C3B3CEE759BABCDF /* Alarm.swift */,
				8A8E8B44056E1DBE4A0429A7 /* VoiceClip.swift */,
				6B72BE62A0ACFFCBD3599F28 /* WakePhrase.swift */,
				5F6D67B3B5D9C27FB3D0E4A5 /* WakeRecord.swift */,
			);
			path = Models;
			sourceTree = "<group>";
		};
		77D06D74C8F83D818905D2F4 /* Home */ = {
			isa = PBXGroup;
			children = (
				E082FE6D44313D96DE49E326 /* CloudBackground.swift */,
				A9494AECBCB0F791E7F24F12 /* DaytimeScene.swift */,
				1EB6388EF249B7365D9B3B48 /* HomeView.swift */,
			);
			path = Home;
			sourceTree = "<group>";
		};
		AA53A610E2DB728EE983DA9A /* Sounds */ = {
			isa = PBXGroup;
			children = (
				3C92C8D1710737421F80BF59 /* leaf_rustle.caf */,
				04CFE05C97D05DBDEFEACB3C /* success_cheer.wav */,
				5ADAA14820B7C78C2F26A0D8 /* sunny_wake.caf */,
				2C81D51ADB7CD8DC5347513F /* timeout_sad.wav */,
			);
			path = Sounds;
			sourceTree = "<group>";
		};
		C638D6224AA4077166EFFC67 /* Products */ = {
			isa = PBXGroup;
			children = (
				0972897111DE3E819D823136 /* SunnyWalker.app */,
				A62870FEE6EBDBF0393F2E7D /* SunnyWalkerTests.xctest */,
			);
			name = Products;
			sourceTree = "<group>";
		};
		CF7189DF2A6E02C1CBDEB1EA /* Components */ = {
			isa = PBXGroup;
			children = (
				152B960BF89216BE38D306F6 /* GiraffeAvatar.swift */,
				8B9262BFA4C34750865DE277 /* MascotView.swift */,
				C16CA58BFAB96B2A25BD430C /* SunnyAvatar.swift */,
				46FBC69DB1653C24FCF0FA66 /* SunnyButton.swift */,
				9CE7FA83B8576CE1FFA1F10E /* WatercolorCard.swift */,
			);
			path = Components;
			sourceTree = "<group>";
		};
		EFBEA798C78CDDC40F5F236A /* Services */ = {
			isa = PBXGroup;
			children = (
				3463A26A5896E472E0EBDCA1 /* AlarmKitService.swift */,
				888960B949E00E9AC9FAA4DD /* AlarmScheduler.swift */,
				0B16896DF5A7D7F278398889 /* AppSettings.swift */,
				C6A487603264A6DA88C647F8 /* AudioPlayer.swift */,
				402591D9D880D83E7903B948 /* AudioRecorder.swift */,
				05356F2D5C177271D275559D /* BedSideManager.swift */,
				17D2C7A097FD7E4BAEC53FA4 /* Localization.swift */,
				A9980AB76E88D93B5F47148F /* MarkdownAlarmIO.swift */,
				8FB50906ADD3045D02D04AC2 /* PermissionManager.swift */,
				3B95C4905637E5F644D212ED /* SpeechRecognizer.swift */,
			);
			path = Services;
			sourceTree = "<group>";
		};
		F92A2736E5DF2B63941DC940 /* Intents */ = {
			isa = PBXGroup;
			children = (
				0D002EC033E8CCE3A071A9FA /* StopAlarmIntent.swift */,
			);
			path = Intents;
			sourceTree = "<group>";
		};
/* End PBXGroup section */

/* Begin PBXNativeTarget section */
		7559288E79C6BA3A31945BF7 /* SunnyWalkerTests */ = {
			isa = PBXNativeTarget;
			buildConfigurationList = CC23E2996D68BC7F705C54E4 /* Build configuration list for PBXNativeTarget "SunnyWalkerTests" */;
			buildPhases = (
				8F1C497970AA68FAC116D791 /* Sources */,
			);
			buildRules = (
			);
			dependencies = (
				7CFCD6C5D876F680449DD99D /* PBXTargetDependency */,
			);
			name = SunnyWalkerTests;
			packageProductDependencies = (
			);
			productName = SunnyWalkerTests;
			productReference = A62870FEE6EBDBF0393F2E7D /* SunnyWalkerTests.xctest */;
			productType = "com.apple.product-type.bundle.unit-test";
		};
		B16869256E59B2A3381C61E8 /* SunnyWalker */ = {
			isa = PBXNativeTarget;
			buildConfigurationList = 8850D1A92F66DBAEC416A06A /* Build configuration list for PBXNativeTarget "SunnyWalker" */;
			buildPhases = (
				4FB60F10CA141CB3050F07D2 /* Sources */,
				523852C83B0CD689ACE0DB05 /* Resources */,
				B2BA35370880CF15C0A28808 /* Frameworks */,
			);
			buildRules = (
			);
			dependencies = (
			);
			name = SunnyWalker;
			packageProductDependencies = (
				E6353080ADA8D5E5A1A2D737 /* ConfettiSwiftUI */,
			);
			productName = SunnyWalker;
			productReference = 0972897111DE3E819D823136 /* SunnyWalker.app */;
			productType = "com.apple.product-type.application";
		};
/* End PBXNativeTarget section */

/* Begin PBXProject section */
		9CDE5F91F9849D6056C19DD5 /* Project object */ = {
			isa = PBXProject;
			attributes = {
				BuildIndependentTargetsInParallel = YES;
				LastUpgradeCheck = 1430;
			};
			buildConfigurationList = 3CB33E2368DAD785BABEE546 /* Build configuration list for PBXProject "SunnyWalker" */;
			developmentRegion = "zh-Hant";
			hasScannedForEncodings = 0;
			knownRegions = (
				Base,
				en,
				"zh-Hant",
			);
			mainGroup = 095C19C14024F6CD35129004;
			minimizedProjectReferenceProxies = 1;
			packageReferences = (
				1FB439FC771E79D1ADA1EA9C /* XCRemoteSwiftPackageReference "ConfettiSwiftUI" */,
			);
			preferredProjectObjectVersion = 77;
			productRefGroup = C638D6224AA4077166EFFC67 /* Products */;
			projectDirPath = "";
			projectRoot = "";
			targets = (
				B16869256E59B2A3381C61E8 /* SunnyWalker */,
				7559288E79C6BA3A31945BF7 /* SunnyWalkerTests */,
			);
		};
/* End PBXProject section */

/* Begin PBXResourcesBuildPhase section */
		523852C83B0CD689ACE0DB05 /* Resources */ = {
			isa = PBXResourcesBuildPhase;
			buildActionMask = 2147483647;
			files = (
				59BE7E26DBBFA422BBE2D304 /* Assets.xcassets in Resources */,
				D203CF6EA08D9B05D6F4E1D1 /* Localizable.xcstrings in Resources */,
				56776B2E0DCCAF04D93E92C5 /* PrivacyInfo.xcprivacy in Resources */,
				1386818AEDA460AC0E1A2E56 /* leaf_rustle.caf in Resources */,
				00F40DEC550A65F5744B1465 /* success_cheer.wav in Resources */,
				29BD4F65DED2C01951CEDFF1 /* sunny_wake.caf in Resources */,
				E359AB840D940CEA85C8305C /* timeout_sad.wav in Resources */,
			);
			runOnlyForDeploymentPostprocessing = 0;
		};
/* End PBXResourcesBuildPhase section */

/* Begin PBXSourcesBuildPhase section */
		4FB60F10CA141CB3050F07D2 /* Sources */ = {
			isa = PBXSourcesBuildPhase;
			buildActionMask = 2147483647;
			files = (
				A2F163FC44719CCE23C942D7 /* Alarm.swift in Sources */,
				505C59164E21638ED2A87584 /* AlarmEditorView.swift in Sources */,
				786B629EF4275830D91689C6 /* AlarmIOView.swift in Sources */,
				68AA8103FE36E816FF107BBF /* AlarmKitService.swift in Sources */,
				8672D8B3917813013073515A /* AlarmListView.swift in Sources */,
				B7A6F243CAAAAC2F718D95FB /* AlarmRingView.swift in Sources */,
				6E6BB8973553E8955C2406C9 /* AlarmScheduler.swift in Sources */,
				443AE8609D04C19C84D54B4A /* Animations.swift in Sources */,
				498581084950B53F336D6AC6 /* AppSettings.swift in Sources */,
				3BC8F8E87CABFEF31FB088DA /* AudioPlayer.swift in Sources */,
				DD467670A8B05840FBB95018 /* AudioRecorder.swift in Sources */,
				1AD2DBF58E01FBE42AF1F681 /* BedSideManager.swift in Sources */,
				F3417E034F113A67319AC0D7 /* CloudBackground.swift in Sources */,
				7338FA1271440248492463D6 /* ContentView.swift in Sources */,
				D7435DD04281BC3455C7EA04 /* DaytimeScene.swift in Sources */,
				499BA1FC564089EFF62D8A6A /* GiraffeAvatar.swift in Sources */,
				E409258EA2C6052DDE696951 /* HomeView.swift in Sources */,
				F5649E1A09CA9E061FA1E461 /* Localization.swift in Sources */,
				2DA0605B3066C673363408B3 /* MarkdownAlarmIO.swift in Sources */,
				2A6E1323194D61C957BA4877 /* MascotView.swift in Sources */,
				F611542339033C21D36F581C /* ParentalGateView.swift in Sources */,
				EEB48CC687CFDC2476613F74 /* PermissionManager.swift in Sources */,
				002BA53BDAF65EF7827240D8 /* RecordingView.swift in Sources */,
				B89E35BE8DA029C56D5E300A /* RewardView.swift in Sources */,
				52FC735515496B3E7138A958 /* RingtonePickerSheet.swift in Sources */,
				C4C00C3A9B2D5847BE43516A /* SpeechRecognizer.swift in Sources */,
				6E2BF1D94579A87F0381BA12 /* StopAlarmIntent.swift in Sources */,
				579B7BCCE0AC2BBCD507366F /* SunnyAvatar.swift in Sources */,
				019276FB701C56D377901176 /* SunnyButton.swift in Sources */,
				C714C087A1B5D9F0B11DECAB /* SunnyColors.swift in Sources */,
				2FA716C98FC48F6B082F492E /* SunnyFonts.swift in Sources */,
				E08BE7AC23F36A479736F09D /* SunnyWalkerApp.swift in Sources */,
				AE34FEC3FB8419495514DA29 /* VoiceClip.swift in Sources */,
				3AFF1E5DCB46051419AE5A95 /* VoiceLibraryView.swift in Sources */,
				9963F75094590316808918F3 /* WakeHistoryView.swift in Sources */,
				8048B0AF117F5962D38548BA /* WakePhrase.swift in Sources */,
				56B96DD65F567429D696624B /* WakeRecord.swift in Sources */,
				D718AFB8A73894D4BF7F4B11 /* WatercolorCard.swift in Sources */,
			);
			runOnlyForDeploymentPostprocessing = 0;
		};
		8F1C497970AA68FAC116D791 /* Sources */ = {
			isa = PBXSourcesBuildPhase;
			buildActionMask = 2147483647;
			files = (
				38587801E02A30EB326F77B6 /* SunnyWalkerTests.swift in Sources */,
			);
			runOnlyForDeploymentPostprocessing = 0;
		};
/* End PBXSourcesBuildPhase section */

/* Begin PBXTargetDependency section */
		7CFCD6C5D876F680449DD99D /* PBXTargetDependency */ = {
			isa = PBXTargetDependency;
			target = B16869256E59B2A3381C61E8 /* SunnyWalker */;
			targetProxy = 67D4C7C450593D2F0A999EAC /* PBXContainerItemProxy */;
		};
/* End PBXTargetDependency section */

/* Begin XCBuildConfiguration section */
		22D186CCB9AB9DA8171AF873 /* Release */ = {
			isa = XCBuildConfiguration;
			buildSettings = {
				BUNDLE_LOADER = "$(TEST_HOST)";
				DEVELOPMENT_TEAM = NHY8MKW8NH;
				GENERATE_INFOPLIST_FILE = YES;
				LD_RUNPATH_SEARCH_PATHS = (
					"$(inherited)",
					"@executable_path/Frameworks",
					"@loader_path/Frameworks",
				);
				PRODUCT_BUNDLE_IDENTIFIER = app.rexcode.sunnywalkertests;
				SDKROOT = iphoneos;
				TARGETED_DEVICE_FAMILY = "1,2";
				TEST_HOST = "$(BUILT_PRODUCTS_DIR)/SunnyWalker.app/SunnyWalker";
			};
			name = Release;
		};
		2449D46962494FA319B3F28E /* Release */ = {
			isa = XCBuildConfiguration;
			buildSettings = {
				ALWAYS_SEARCH_USER_PATHS = NO;
				CLANG_ANALYZER_NONNULL = YES;
				CLANG_ANALYZER_NUMBER_OBJECT_CONVERSION = YES_AGGRESSIVE;
				CLANG_CXX_LANGUAGE_STANDARD = "gnu++14";
				CLANG_CXX_LIBRARY = "libc++";
				CLANG_ENABLE_MODULES = YES;
				CLANG_ENABLE_OBJC_ARC = YES;
				CLANG_ENABLE_OBJC_WEAK = YES;
				CLANG_WARN_BLOCK_CAPTURE_AUTORELEASING = YES;
				CLANG_WARN_BOOL_CONVERSION = YES;
				CLANG_WARN_COMMA = YES;
				CLANG_WARN_CONSTANT_CONVERSION = YES;
				CLANG_WARN_DEPRECATED_OBJC_IMPLEMENTATIONS = YES;
				CLANG_WARN_DIRECT_OBJC_ISA_USAGE = YES_ERROR;
				CLANG_WARN_DOCUMENTATION_COMMENTS = YES;
				CLANG_WARN_EMPTY_BODY = YES;
				CLANG_WARN_ENUM_CONVERSION = YES;
				CLANG_WARN_INFINITE_RECURSION = YES;
				CLANG_WARN_INT_CONVERSION = YES;
				CLANG_WARN_NON_LITERAL_NULL_CONVERSION = YES;
				CLANG_WARN_OBJC_IMPLICIT_RETAIN_SELF = YES;
				CLANG_WARN_OBJC_LITERAL_CONVERSION = YES;
				CLANG_WARN_OBJC_ROOT_CLASS = YES_ERROR;
				CLANG_WARN_QUOTED_INCLUDE_IN_FRAMEWORK_HEADER = YES;
				CLANG_WARN_RANGE_LOOP_ANALYSIS = YES;
				CLANG_WARN_STRICT_PROTOTYPES = YES;
				CLANG_WARN_SUSPICIOUS_MOVE = YES;
				CLANG_WARN_UNGUARDED_AVAILABILITY = YES_AGGRESSIVE;
				CLANG_WARN_UNREACHABLE_CODE = YES;
				CLANG_WARN__DUPLICATE_METHOD_MATCH = YES;
				COPY_PHASE_STRIP = NO;
				CURRENT_PROJECT_VERSION = 1;
				DEBUG_INFORMATION_FORMAT = "dwarf-with-dsym";
				DEVELOPMENT_TEAM = NYH8MKW8NH;
				ENABLE_NS_ASSERTIONS = NO;
				ENABLE_STRICT_OBJC_MSGSEND = YES;
				ENABLE_USER_SCRIPT_SANDBOXING = NO;
				GCC_C_LANGUAGE_STANDARD = gnu11;
				GCC_NO_COMMON_BLOCKS = YES;
				GCC_WARN_64_TO_32_BIT_CONVERSION = YES;
				GCC_WARN_ABOUT_RETURN_TYPE = YES_ERROR;
				GCC_WARN_UNDECLARED_SELECTOR = YES;
				GCC_WARN_UNINITIALIZED_AUTOS = YES_AGGRESSIVE;
				GCC_WARN_UNUSED_FUNCTION = YES;
				GCC_WARN_UNUSED_VARIABLE = YES;
				IPHONEOS_DEPLOYMENT_TARGET = 26.0;
				MARKETING_VERSION = 0.1.0;
				MTL_ENABLE_DEBUG_INFO = NO;
				MTL_FAST_MATH = YES;
				PRODUCT_NAME = "$(TARGET_NAME)";
				SDKROOT = iphoneos;
				SWIFT_COMPILATION_MODE = wholemodule;
				SWIFT_OPTIMIZATION_LEVEL = "-O";
				SWIFT_VERSION = 5.9;
			};
			name = Release;
		};
		4AB2E359AE8081DED87B3944 /* Release */ = {
			isa = XCBuildConfiguration;
			buildSettings = {
				ASSETCATALOG_COMPILER_APPICON_NAME = AppIcon;
				CODE_SIGN_IDENTITY = "iPhone Developer";
				DEVELOPMENT_TEAM = NHY8MKW8NH;
				GENERATE_INFOPLIST_FILE = NO;
				INFOPLIST_FILE = SunnyWalker/Info.plist;
				LD_RUNPATH_SEARCH_PATHS = (
					"$(inherited)",
					"@executable_path/Frameworks",
				);
				PRODUCT_BUNDLE_IDENTIFIER = app.rexcode.sunnywalker;
				SDKROOT = iphoneos;
				TARGETED_DEVICE_FAMILY = "1,2";
			};
			name = Release;
		};
		60937BD4E4755298A6F7F065 /* Debug */ = {
			isa = XCBuildConfiguration;
			buildSettings = {
				ASSETCATALOG_COMPILER_APPICON_NAME = AppIcon;
				CODE_SIGN_IDENTITY = "iPhone Developer";
				DEVELOPMENT_TEAM = NHY8MKW8NH;
				GENERATE_INFOPLIST_FILE = NO;
				INFOPLIST_FILE = SunnyWalker/Info.plist;
				LD_RUNPATH_SEARCH_PATHS = (
					"$(inherited)",
					"@executable_path/Frameworks",
				);
				PRODUCT_BUNDLE_IDENTIFIER = app.rexcode.sunnywalker;
				SDKROOT = iphoneos;
				TARGETED_DEVICE_FAMILY = "1,2";
			};
			name = Debug;
		};
		86BE7228D43B315B3E6C4322 /* Debug */ = {
			isa = XCBuildConfiguration;
			buildSettings = {
				ALWAYS_SEARCH_USER_PATHS = NO;
				CLANG_ANALYZER_NONNULL = YES;
				CLANG_ANALYZER_NUMBER_OBJECT_CONVERSION = YES_AGGRESSIVE;
				CLANG_CXX_LANGUAGE_STANDARD = "gnu++14";
				CLANG_CXX_LIBRARY = "libc++";
				CLANG_ENABLE_MODULES = YES;
				CLANG_ENABLE_OBJC_ARC = YES;
				CLANG_ENABLE_OBJC_WEAK = YES;
				CLANG_WARN_BLOCK_CAPTURE_AUTORELEASING = YES;
				CLANG_WARN_BOOL_CONVERSION = YES;
				CLANG_WARN_COMMA = YES;
				CLANG_WARN_CONSTANT_CONVERSION = YES;
				CLANG_WARN_DEPRECATED_OBJC_IMPLEMENTATIONS = YES;
				CLANG_WARN_DIRECT_OBJC_ISA_USAGE = YES_ERROR;
				CLANG_WARN_DOCUMENTATION_COMMENTS = YES;
				CLANG_WARN_EMPTY_BODY = YES;
				CLANG_WARN_ENUM_CONVERSION = YES;
				CLANG_WARN_INFINITE_RECURSION = YES;
				CLANG_WARN_INT_CONVERSION = YES;
				CLANG_WARN_NON_LITERAL_NULL_CONVERSION = YES;
				CLANG_WARN_OBJC_IMPLICIT_RETAIN_SELF = YES;
				CLANG_WARN_OBJC_LITERAL_CONVERSION = YES;
				CLANG_WARN_OBJC_ROOT_CLASS = YES_ERROR;
				CLANG_WARN_QUOTED_INCLUDE_IN_FRAMEWORK_HEADER = YES;
				CLANG_WARN_RANGE_LOOP_ANALYSIS = YES;
				CLANG_WARN_STRICT_PROTOTYPES = YES;
				CLANG_WARN_SUSPICIOUS_MOVE = YES;
				CLANG_WARN_UNGUARDED_AVAILABILITY = YES_AGGRESSIVE;
				CLANG_WARN_UNREACHABLE_CODE = YES;
				CLANG_WARN__DUPLICATE_METHOD_MATCH = YES;
				COPY_PHASE_STRIP = NO;
				CURRENT_PROJECT_VERSION = 1;
				DEBUG_INFORMATION_FORMAT = dwarf;
				DEVELOPMENT_TEAM = NYH8MKW8NH;
				ENABLE_STRICT_OBJC_MSGSEND = YES;
				ENABLE_TESTABILITY = YES;
				ENABLE_USER_SCRIPT_SANDBOXING = NO;
				GCC_C_LANGUAGE_STANDARD = gnu11;
				GCC_DYNAMIC_NO_PIC = NO;
				GCC_NO_COMMON_BLOCKS = YES;
				GCC_OPTIMIZATION_LEVEL = 0;
				GCC_PREPROCESSOR_DEFINITIONS = (
					"$(inherited)",
					"DEBUG=1",
				);
				GCC_WARN_64_TO_32_BIT_CONVERSION = YES;
				GCC_WARN_ABOUT_RETURN_TYPE = YES_ERROR;
				GCC_WARN_UNDECLARED_SELECTOR = YES;
				GCC_WARN_UNINITIALIZED_AUTOS = YES_AGGRESSIVE;
				GCC_WARN_UNUSED_FUNCTION = YES;
				GCC_WARN_UNUSED_VARIABLE = YES;
				IPHONEOS_DEPLOYMENT_TARGET = 26.0;
				MARKETING_VERSION = 0.1.0;
				MTL_ENABLE_DEBUG_INFO = INCLUDE_SOURCE;
				MTL_FAST_MATH = YES;
				ONLY_ACTIVE_ARCH = YES;
				PRODUCT_NAME = "$(TARGET_NAME)";
				SDKROOT = iphoneos;
				SWIFT_ACTIVE_COMPILATION_CONDITIONS = DEBUG;
				SWIFT_OPTIMIZATION_LEVEL = "-Onone";
				SWIFT_VERSION = 5.9;
			};
			name = Debug;
		};
		DB6C75ECCFC4720EBE89CE83 /* Debug */ = {
			isa = XCBuildConfiguration;
			buildSettings = {
				BUNDLE_LOADER = "$(TEST_HOST)";
				DEVELOPMENT_TEAM = NHY8MKW8NH;
				GENERATE_INFOPLIST_FILE = YES;
				LD_RUNPATH_SEARCH_PATHS = (
					"$(inherited)",
					"@executable_path/Frameworks",
					"@loader_path/Frameworks",
				);
				PRODUCT_BUNDLE_IDENTIFIER = app.rexcode.sunnywalkertests;
				SDKROOT = iphoneos;
				TARGETED_DEVICE_FAMILY = "1,2";
				TEST_HOST = "$(BUILT_PRODUCTS_DIR)/SunnyWalker.app/SunnyWalker";
			};
			name = Debug;
		};
/* End XCBuildConfiguration section */

/* Begin XCConfigurationList section */
		3CB33E2368DAD785BABEE546 /* Build configuration list for PBXProject "SunnyWalker" */ = {
			isa = XCConfigurationList;
			buildConfigurations = (
				86BE7228D43B315B3E6C4322 /* Debug */,
				2449D46962494FA319B3F28E /* Release */,
			);
			defaultConfigurationIsVisible = 0;
			defaultConfigurationName = Debug;
		};
		8850D1A92F66DBAEC416A06A /* Build configuration list for PBXNativeTarget "SunnyWalker" */ = {
			isa = XCConfigurationList;
			buildConfigurations = (
				60937BD4E4755298A6F7F065 /* Debug */,
				4AB2E359AE8081DED87B3944 /* Release */,
			);
			defaultConfigurationIsVisible = 0;
			defaultConfigurationName = Debug;
		};
		CC23E2996D68BC7F705C54E4 /* Build configuration list for PBXNativeTarget "SunnyWalkerTests" */ = {
			isa = XCConfigurationList;
			buildConfigurations = (
				DB6C75ECCFC4720EBE89CE83 /* Debug */,
				22D186CCB9AB9DA8171AF873 /* Release */,
			);
			defaultConfigurationIsVisible = 0;
			defaultConfigurationName = Debug;
		};
/* End XCConfigurationList section */

/* Begin XCRemoteSwiftPackageReference section */
		1FB439FC771E79D1ADA1EA9C /* XCRemoteSwiftPackageReference "ConfettiSwiftUI" */ = {
			isa = XCRemoteSwiftPackageReference;
			repositoryURL = "https://github.com/simibac/ConfettiSwiftUI";
			requirement = {
				kind = upToNextMajorVersion;
				minimumVersion = 1.1.0;
			};
		};
/* End XCRemoteSwiftPackageReference section */

/* Begin XCSwiftPackageProductDependency section */
		E6353080ADA8D5E5A1A2D737 /* ConfettiSwiftUI */ = {
			isa = XCSwiftPackageProductDependency;
			package = 1FB439FC771E79D1ADA1EA9C /* XCRemoteSwiftPackageReference "ConfettiSwiftUI" */;
			productName = ConfettiSwiftUI;
		};
/* End XCSwiftPackageProductDependency section */
	};
	rootObject = 9CDE5F91F9849D6056C19DD5 /* Project object */;
}
